
Microsoft Visual Studio Solution File, Format Version 11.00
# Visual Studio 2010
Project("{E24C65DC-7377-472B-9ABA-BC803B73C61A}") = "Hotel Management System", "..\..\WebSites\Hotel Management System\", "{2EE292B1-6CEE-4772-832D-EEF520DD8B3A}"
	ProjectSection(WebsiteProperties) = preProject
		TargetFrameworkMoniker = ".NETFramework,Version%3Dv4.0"
		Debug.AspNetCompiler.VirtualPath = "/Hotel Management System"
		Debug.AspNetCompiler.PhysicalPath = "..\..\WebSites\Hotel Management System\"
		Debug.AspNetCompiler.TargetPath = "PrecompiledWeb\Hotel Management System\"
		Debug.AspNetCompiler.Updateable = "true"
		Debug.AspNetCompiler.ForceOverwrite = "true"
		Debug.AspNetCompiler.FixedNames = "false"
		Debug.AspNetCompiler.Debug = "True"
		Release.AspNetCompiler.VirtualPath = "/Hotel Management System"
		Release.AspNetCompiler.PhysicalPath = "..\..\WebSites\Hotel Management System\"
		Release.AspNetCompiler.TargetPath = "PrecompiledWeb\Hotel Management System\"
		Release.AspNetCompiler.Updateable = "true"
		Release.AspNetCompiler.ForceOverwrite = "true"
		Release.AspNetCompiler.FixedNames = "false"
		Release.AspNetCompiler.Debug = "False"
		VWDPort = "1668"
		DefaultWebSiteLanguage = "Visual Basic"
	EndProjectSection
EndProject
Global
	GlobalSection(SolutionConfigurationPlatforms) = preSolution
		Debug|Any CPU = Debug|Any CPU
	EndGlobalSection
	GlobalSection(ProjectConfigurationPlatforms) = postSolution
		{2EE292B1-6CEE-4772-832D-EEF520DD8B3A}.Debug|Any CPU.ActiveCfg = Debug|Any CPU
		{2EE292B1-6CEE-4772-832D-EEF520DD8B3A}.Debug|Any CPU.Build.0 = Debug|Any CPU
	EndGlobalSection
	GlobalSection(SolutionProperties) = preSolution
		HideSolutionNode = FALSE
	EndGlobalSection
EndGlobal
